
Microsoft Visual Studio Solution File, Format Version 12.00
# Visual Studio Version 17
VisualStudioVersion = 17.13.35825.156 d17.13
MinimumVisualStudioVersion = 10.0.40219.1
Project("{FAE04EC0-301F-11D3-BF4B-00C04F79EFBC}") = "FoodDeliverySystem", "FoodDeliverySystem\FoodDeliverySystem.csproj", "{EBE32FDE-865E-41C7-A700-B3D7F85378E4}"
EndProject
Global
	GlobalSection(SolutionConfigurationPlatforms) = preSolution
		Debug|Any CPU = Debug|Any CPU
		Release|Any CPU = Release|Any CPU
	EndGlobalSection
	GlobalSection(ProjectConfigurationPlatforms) = postSolution
		{EBE32FDE-865E-41C7-A700-B3D7F85378E4}.Debug|Any CPU.ActiveCfg = Debug|Any CPU
		{EBE32FDE-865E-41C7-A700-B3D7F85378E4}.Debug|Any CPU.Build.0 = Debug|Any CPU
		{EBE32FDE-865E-41C7-A700-B3D7F85378E4}.Release|Any CPU.ActiveCfg = Release|Any CPU
		{EBE32FDE-865E-41C7-A700-B3D7F85378E4}.Release|Any CPU.Build.0 = Release|Any CPU
	EndGlobalSection
	GlobalSection(SolutionProperties) = preSolution
		HideSolutionNode = FALSE
	EndGlobalSection
	GlobalSection(ExtensibilityGlobals) = postSolution
		SolutionGuid = {DA2DAFCA-9025-4C85-AEDA-C40671DBC8A1}
	EndGlobalSection
EndGlobal
