
Microsoft Visual Studio Solution File, Format Version 12.00
# Visual Studio Version 17
VisualStudioVersion = 17.13.35825.156 d17.13
MinimumVisualStudioVersion = 10.0.40219.1
Project("{FAE04EC0-301F-11D3-BF4B-00C04F79EFBC}") = "FoodDeliverySystem", "FoodDeliverySystem\FoodDeliverySystem.csproj", "{214212FD-D35D-480E-92E4-82B24AF4D5A5}"
EndProject
Global
	GlobalSection(SolutionConfigurationPlatforms) = preSolution
		Debug|Any CPU = Debug|Any CPU
		Release|Any CPU = Release|Any CPU
	EndGlobalSection
	GlobalSection(ProjectConfigurationPlatforms) = postSolution
		{214212FD-D35D-480E-92E4-82B24AF4D5A5}.Debug|Any CPU.ActiveCfg = Debug|Any CPU
		{214212FD-D35D-480E-92E4-82B24AF4D5A5}.Debug|Any CPU.Build.0 = Debug|Any CPU
		{214212FD-D35D-480E-92E4-82B24AF4D5A5}.Release|Any CPU.ActiveCfg = Release|Any CPU
		{214212FD-D35D-480E-92E4-82B24AF4D5A5}.Release|Any CPU.Build.0 = Release|Any CPU
	EndGlobalSection
	GlobalSection(SolutionProperties) = preSolution
		HideSolutionNode = FALSE
	EndGlobalSection
	GlobalSection(ExtensibilityGlobals) = postSolution
		SolutionGuid = {3498B13C-C7CB-4D5F-AA84-E811384D5E64}
	EndGlobalSection
EndGlobal
